// !$*UTF8*$!
{
	archiveVersion = 1;
	classes = {
	};
	objectVersion = 48;
	objects = {

/* Begin PBXBuildFile section */
		11B3B03520C7C0100050C420 /* SYProgressHUD.m in Sources */ = {isa = PBXBuildFile; fileRef = 11B3B02D20C7C0100050C420 /* SYProgressHUD.m */; };
		11B3B03620C7C0100050C420 /* UIView+Loading.m in Sources */ = {isa = PBXBuildFile; fileRef = 11B3B02F20C7C0100050C420 /* UIView+Loading.m */; };
		11B3B03720C7C0100050C420 /* SYHUD.bundle in Resources */ = {isa = PBXBuildFile; fileRef = 11B3B03020C7C0100050C420 /* SYHUD.bundle */; };
		11B3B03820C7C0100050C420 /* SYProgressHUD+Function.m in Sources */ = {isa = PBXBuildFile; fileRef = 11B3B03120C7C0100050C420 /* SYProgressHUD+Function.m */; };
		11B3B03920C7C0100050C420 /* SYProgressHUD+TouchHandle.m in Sources */ = {isa = PBXBuildFile; fileRef = 11B3B03220C7C0100050C420 /* SYProgressHUD+TouchHandle.m */; };
		11B3B03A20C7C0100050C420 /* SVIndefiniteAnimatedView.m in Sources */ = {isa = PBXBuildFile; fileRef = 11B3B03420C7C0100050C420 /* SVIndefiniteAnimatedView.m */; };
		1819E1BC20C7BE5500E4CFDA /* AppDelegate.m in Sources */ = {isa = PBXBuildFile; fileRef = 1819E1BB20C7BE5500E4CFDA /* AppDelegate.m */; };
		1819E1BF20C7BE5500E4CFDA /* ViewController.m in Sources */ = {isa = PBXBuildFile; fileRef = 1819E1BE20C7BE5500E4CFDA /* ViewController.m */; };
		1819E1C220C7BE5500E4CFDA /* Main.storyboard in Resources */ = {isa = PBXBuildFile; fileRef = 1819E1C020C7BE5500E4CFDA /* Main.storyboard */; };
		1819E1C420C7BE5500E4CFDA /* Assets.xcassets in Resources */ = {isa = PBXBuildFile; fileRef = 1819E1C320C7BE5500E4CFDA /* Assets.xcassets */; };
		1819E1C720C7BE5500E4CFDA /* LaunchScreen.storyboard in Resources */ = {isa = PBXBuildFile; fileRef = 1819E1C520C7BE5500E4CFDA /* LaunchScreen.storyboard */; };
		1819E1CA20C7BE5500E4CFDA /* main.m in Sources */ = {isa = PBXBuildFile; fileRef = 1819E1C920C7BE5500E4CFDA /* main.m */; };
/* End PBXBuildFile section */

/* Begin PBXFileReference section */
		11B3B02A20C7C0100050C420 /* UIView+Loading.h */ = {isa = PBXFileReference; fileEncoding = 4; lastKnownFileType = sourcecode.c.h; path = "UIView+Loading.h"; sourceTree = "<group>"; };
		11B3B02B20C7C0100050C420 /* SYProgressHUD+Function.h */ = {isa = PBXFileReference; fileEncoding = 4; lastKnownFileType = sourcecode.c.h; path = "SYProgressHUD+Function.h"; sourceTree = "<group>"; };
		11B3B02C20C7C0100050C420 /* SVIndefiniteAnimatedView.h */ = {isa = PBXFileReference; fileEncoding = 4; lastKnownFileType = sourcecode.c.h; path = SVIndefiniteAnimatedView.h; sourceTree = "<group>"; };
		11B3B02D20C7C0100050C420 /* SYProgressHUD.m */ = {isa = PBXFileReference; fileEncoding = 4; lastKnownFileType = sourcecode.c.objc; path = SYProgressHUD.m; sourceTree = "<group>"; };
		11B3B02E20C7C0100050C420 /* SYProgressHUD+TouchHandle.h */ = {isa = PBXFileReference; fileEncoding = 4; lastKnownFileType = sourcecode.c.h; path = "SYProgressHUD+TouchHandle.h"; sourceTree = "<group>"; };
		11B3B02F20C7C0100050C420 /* UIView+Loading.m */ = {isa = PBXFileReference; fileEncoding = 4; lastKnownFileType = sourcecode.c.objc; path = "UIView+Loading.m"; sourceTree = "<group>"; };
		11B3B03020C7C0100050C420 /* SYHUD.bundle */ = {isa = PBXFileReference; lastKnownFileType = "wrapper.plug-in"; path = SYHUD.bundle; sourceTree = "<group>"; };
		11B3B03120C7C0100050C420 /* SYProgressHUD+Function.m */ = {isa = PBXFileReference; fileEncoding = 4; lastKnownFileType = sourcecode.c.objc; path = "SYProgressHUD+Function.m"; sourceTree = "<group>"; };
		11B3B03220C7C0100050C420 /* SYProgressHUD+TouchHandle.m */ = {isa = PBXFileReference; fileEncoding = 4; lastKnownFileType = sourcecode.c.objc; path = "SYProgressHUD+TouchHandle.m"; sourceTree = "<group>"; };
		11B3B03320C7C0100050C420 /* SYProgressHUD.h */ = {isa = PBXFileReference; fileEncoding = 4; lastKnownFileType = sourcecode.c.h; path = SYProgressHUD.h; sourceTree = "<group>"; };
		11B3B03420C7C0100050C420 /* SVIndefiniteAnimatedView.m */ = {isa = PBXFileReference; fileEncoding = 4; lastKnownFileType = sourcecode.c.objc; path = SVIndefiniteAnimatedView.m; sourceTree = "<group>"; };
		1819E1B720C7BE5500E4CFDA /* SYLoadingView.app */ = {isa = PBXFileReference; explicitFileType = wrapper.application; includeInIndex = 0; path = SYLoadingView.app; sourceTree = BUILT_PRODUCTS_DIR; };
		1819E1BA20C7BE5500E4CFDA /* AppDelegate.h */ = {isa = PBXFileReference; lastKnownFileType = sourcecode.c.h; path = AppDelegate.h; sourceTree = "<group>"; };
		1819E1BB20C7BE5500E4CFDA /* AppDelegate.m */ = {isa = PBXFileReference; lastKnownFileType = sourcecode.c.objc; path = AppDelegate.m; sourceTree = "<group>"; };
		1819E1BD20C7BE5500E4CFDA /* ViewController.h */ = {isa = PBXFileReference; lastKnownFileType = sourcecode.c.h; path = ViewController.h; sourceTree = "<group>"; };
		1819E1BE20C7BE5500E4CFDA /* ViewController.m */ = {isa = PBXFileReference; lastKnownFileType = sourcecode.c.objc; path = ViewController.m; sourceTree = "<group>"; };
		1819E1C120C7BE5500E4CFDA /* Base */ = {isa = PBXFileReference; lastKnownFileType = file.storyboard; name = Base; path = Base.lproj/Main.storyboard; sourceTree = "<group>"; };
		1819E1C320C7BE5500E4CFDA /* Assets.xcassets */ = {isa = PBXFileReference; lastKnownFileType = folder.assetcatalog; path = Assets.xcassets; sourceTree = "<group>"; };
		1819E1C620C7BE5500E4CFDA /* Base */ = {isa = PBXFileReference; lastKnownFileType = file.storyboard; name = Base; path = Base.lproj/LaunchScreen.storyboard; sourceTree = "<group>"; };
		1819E1C820C7BE5500E4CFDA /* Info.plist */ = {isa = PBXFileReference; lastKnownFileType = text.plist.xml; path = Info.plist; sourceTree = "<group>"; };
		1819E1C920C7BE5500E4CFDA /* main.m */ = {isa = PBXFileReference; lastKnownFileType = sourcecode.c.objc; path = main.m; sourceTree = "<group>"; };
/* End PBXFileReference section */

/* Begin PBXFrameworksBuildPhase section */
		1819E1B420C7BE5500E4CFDA /* Frameworks */ = {
			isa = PBXFrameworksBuildPhase;
			buildActionMask = 2147483647;
			files = (
			);
			runOnlyForDeploymentPostprocessing = 0;
		};
/* End PBXFrameworksBuildPhase section */

/* Begin PBXGroup section */
		11B3B02920C7C0100050C420 /* SYLoadingView */ = {
			isa = PBXGroup;
			children = (
				11B3B02A20C7C0100050C420 /* UIView+Loading.h */,
				11B3B02B20C7C0100050C420 /* SYProgressHUD+Function.h */,
				11B3B02C20C7C0100050C420 /* SVIndefiniteAnimatedView.h */,
				11B3B02D20C7C0100050C420 /* SYProgressHUD.m */,
				11B3B02E20C7C0100050C420 /* SYProgressHUD+TouchHandle.h */,
				11B3B02F20C7C0100050C420 /* UIView+Loading.m */,
				11B3B03020C7C0100050C420 /* SYHUD.bundle */,
				11B3B03120C7C0100050C420 /* SYProgressHUD+Function.m */,
				11B3B03220C7C0100050C420 /* SYProgressHUD+TouchHandle.m */,
				11B3B03320C7C0100050C420 /* SYProgressHUD.h */,
				11B3B03420C7C0100050C420 /* SVIndefiniteAnimatedView.m */,
			);
			path = SYLoadingView;
			sourceTree = "<group>";
		};
		1819E1AE20C7BE5500E4CFDA = {
			isa = PBXGroup;
			children = (
				1819E1B920C7BE5500E4CFDA /* SYLoadingView */,
				1819E1B820C7BE5500E4CFDA /* Products */,
			);
			sourceTree = "<group>";
		};
		1819E1B820C7BE5500E4CFDA /* Products */ = {
			isa = PBXGroup;
			children = (
				1819E1B720C7BE5500E4CFDA /* SYLoadingView.app */,
			);
			name = Products;
			sourceTree = "<group>";
		};
		1819E1B920C7BE5500E4CFDA /* SYLoadingView */ = {
			isa = PBXGroup;
			children = (
				11B3B02920C7C0100050C420 /* SYLoadingView */,
				1819E1BA20C7BE5500E4CFDA /* AppDelegate.h */,
				1819E1BB20C7BE5500E4CFDA /* AppDelegate.m */,
				1819E1BD20C7BE5500E4CFDA /* ViewController.h */,
				1819E1BE20C7BE5500E4CFDA /* ViewController.m */,
				1819E1C020C7BE5500E4CFDA /* Main.storyboard */,
				1819E1C320C7BE5500E4CFDA /* Assets.xcassets */,
				1819E1C520C7BE5500E4CFDA /* LaunchScreen.storyboard */,
				1819E1C820C7BE5500E4CFDA /* Info.plist */,
				1819E1C920C7BE5500E4CFDA /* main.m */,
			);
			path = SYLoadingView;
			sourceTree = "<group>";
		};
/* End PBXGroup section */

/* Begin PBXNativeTarget section */
		1819E1B620C7BE5500E4CFDA /* SYLoadingView */ = {
			isa = PBXNativeTarget;
			buildConfigurationList = 1819E1CD20C7BE5500E4CFDA /* Build configuration list for PBXNativeTarget "SYLoadingView" */;
			buildPhases = (
				1819E1B320C7BE5500E4CFDA /* Sources */,
				1819E1B420C7BE5500E4CFDA /* Frameworks */,
				1819E1B520C7BE5500E4CFDA /* Resources */,
			);
			buildRules = (
			);
			dependencies = (
			);
			name = SYLoadingView;
			productName = SYLoadingView;
			productReference = 1819E1B720C7BE5500E4CFDA /* SYLoadingView.app */;
			productType = "com.apple.product-type.application";
		};
/* End PBXNativeTarget section */

/* Begin PBXProject section */
		1819E1AF20C7BE5500E4CFDA /* Project object */ = {
			isa = PBXProject;
			attributes = {
				LastUpgradeCheck = 0920;
				ORGANIZATIONNAME = Telly;
				TargetAttributes = {
					1819E1B620C7BE5500E4CFDA = {
						CreatedOnToolsVersion = 9.2;
						ProvisioningStyle = Automatic;
					};
				};
			};
			buildConfigurationList = 1819E1B220C7BE5500E4CFDA /* Build configuration list for PBXProject "SYLoadingView" */;
			compatibilityVersion = "Xcode 8.0";
			developmentRegion = en;
			hasScannedForEncodings = 0;
			knownRegions = (
				en,
				Base,
			);
			mainGroup = 1819E1AE20C7BE5500E4CFDA;
			productRefGroup = 1819E1B820C7BE5500E4CFDA /* Products */;
			projectDirPath = "";
			projectRoot = "";
			targets = (
				1819E1B620C7BE5500E4CFDA /* SYLoadingView */,
			);
		};
/* End PBXProject section */

/* Begin PBXResourcesBuildPhase section */
		1819E1B520C7BE5500E4CFDA /* Resources */ = {
			isa = PBXResourcesBuildPhase;
			buildActionMask = 2147483647;
			files = (
				1819E1C720C7BE5500E4CFDA /* LaunchScreen.storyboard in Resources */,
				11B3B03720C7C0100050C420 /* SYHUD.bundle in Resources */,
				1819E1C420C7BE5500E4CFDA /* Assets.xcassets in Resources */,
				1819E1C220C7BE5500E4CFDA /* Main.storyboard in Resources */,
			);
			runOnlyForDeploymentPostprocessing = 0;
		};
/* End PBXResourcesBuildPhase section */

/* Begin PBXSourcesBuildPhase section */
		1819E1B320C7BE5500E4CFDA /* Sources */ = {
			isa = PBXSourcesBuildPhase;
			buildActionMask = 2147483647;
			files = (
				11B3B03920C7C0100050C420 /* SYProgressHUD+TouchHandle.m in Sources */,
				11B3B03520C7C0100050C420 /* SYProgressHUD.m in Sources */,
				1819E1BF20C7BE5500E4CFDA /* ViewController.m in Sources */,
				11B3B03A20C7C0100050C420 /* SVIndefiniteAnimatedView.m in Sources */,
				1819E1CA20C7BE5500E4CFDA /* main.m in Sources */,
				11B3B03620C7C0100050C420 /* UIView+Loading.m in Sources */,
				11B3B03820C7C0100050C420 /* SYProgressHUD+Function.m in Sources */,
				1819E1BC20C7BE5500E4CFDA /* AppDelegate.m in Sources */,
			);
			runOnlyForDeploymentPostprocessing = 0;
		};
/* End PBXSourcesBuildPhase section */

/* Begin PBXVariantGroup section */
		1819E1C020C7BE5500E4CFDA /* Main.storyboard */ = {
			isa = PBXVariantGroup;
			children = (
				1819E1C120C7BE5500E4CFDA /* Base */,
			);
			name = Main.storyboard;
			sourceTree = "<group>";
		};
		1819E1C520C7BE5500E4CFDA /* LaunchScreen.storyboard */ = {
			isa = PBXVariantGroup;
			children = (
				1819E1C620C7BE5500E4CFDA /* Base */,
			);
			name = LaunchScreen.storyboard;
			sourceTree = "<group>";
		};
/* End PBXVariantGroup section */

/* Begin XCBuildConfiguration section */
		1819E1CB20C7BE5500E4CFDA /* Debug */ = {
			isa = XCBuildConfiguration;
			buildSettings = {
				ALWAYS_SEARCH_USER_PATHS = NO;
				CLANG_ANALYZER_NONNULL = YES;
				CLANG_ANALYZER_NUMBER_OBJECT_CONVERSION = YES_AGGRESSIVE;
				CLANG_CXX_LANGUAGE_STANDARD = "gnu++14";
				CLANG_CXX_LIBRARY = "libc++";
				CLANG_ENABLE_MODULES = YES;
				CLANG_ENABLE_OBJC_ARC = YES;
				CLANG_WARN_BLOCK_CAPTURE_AUTORELEASING = YES;
				CLANG_WARN_BOOL_CONVERSION = YES;
				CLANG_WARN_COMMA = YES;
				CLANG_WARN_CONSTANT_CONVERSION = YES;
				CLANG_WARN_DIRECT_OBJC_ISA_USAGE = YES_ERROR;
				CLANG_WARN_DOCUMENTATION_COMMENTS = YES;
				CLANG_WARN_EMPTY_BODY = YES;
				CLANG_WARN_ENUM_CONVERSION = YES;
				CLANG_WARN_INFINITE_RECURSION = YES;
				CLANG_WARN_INT_CONVERSION = YES;
				CLANG_WARN_NON_LITERAL_NULL_CONVERSION = YES;
				CLANG_WARN_OBJC_LITERAL_CONVERSION = YES;
				CLANG_WARN_OBJC_ROOT_CLASS = YES_ERROR;
				CLANG_WARN_RANGE_LOOP_ANALYSIS = YES;
				CLANG_WARN_STRICT_PROTOTYPES = YES;
				CLANG_WARN_SUSPICIOUS_MOVE = YES;
				CLANG_WARN_UNGUARDED_AVAILABILITY = YES_AGGRESSIVE;
				CLANG_WARN_UNREACHABLE_CODE = YES;
				CLANG_WARN__DUPLICATE_METHOD_MATCH = YES;
				CODE_SIGN_IDENTITY = "iPhone Developer";
				COPY_PHASE_STRIP = NO;
				DEBUG_INFORMATION_FORMAT = dwarf;
				ENABLE_STRICT_OBJC_MSGSEND = YES;
				ENABLE_TESTABILITY = YES;
				GCC_C_LANGUAGE_STANDARD = gnu11;
				GCC_DYNAMIC_NO_PIC = NO;
				GCC_NO_COMMON_BLOCKS = YES;
				GCC_OPTIMIZATION_LEVEL = 0;
				GCC_PREPROCESSOR_DEFINITIONS = (
					"DEBUG=1",
					"$(inherited)",
				);
				GCC_WARN_64_TO_32_BIT_CONVERSION = YES;
				GCC_WARN_ABOUT_RETURN_TYPE = YES_ERROR;
				GCC_WARN_UNDECLARED_SELECTOR = YES;
				GCC_WARN_UNINITIALIZED_AUTOS = YES_AGGRESSIVE;
				GCC_WARN_UNUSED_FUNCTION = YES;
				GCC_WARN_UNUSED_VARIABLE = YES;
				IPHONEOS_DEPLOYMENT_TARGET = 11.2;
				MTL_ENABLE_DEBUG_INFO = YES;
				ONLY_ACTIVE_ARCH = YES;
				SDKROOT = iphoneos;
			};
			name = Debug;
		};
		1819E1CC20C7BE5500E4CFDA /* Release */ = {
			isa = XCBuildConfiguration;
			buildSettings = {
				ALWAYS_SEARCH_USER_PATHS = NO;
				CLANG_ANALYZER_NONNULL = YES;
				CLANG_ANALYZER_NUMBER_OBJECT_CONVERSION = YES_AGGRESSIVE;
				CLANG_CXX_LANGUAGE_STANDARD = "gnu++14";
				CLANG_CXX_LIBRARY = "libc++";
				CLANG_ENABLE_MODULES = YES;
				CLANG_ENABLE_OBJC_ARC = YES;
				CLANG_WARN_BLOCK_CAPTURE_AUTORELEASING = YES;
				CLANG_WARN_BOOL_CONVERSION = YES;
				CLANG_WARN_COMMA = YES;
				CLANG_WARN_CONSTANT_CONVERSION = YES;
				CLANG_WARN_DIRECT_OBJC_ISA_USAGE = YES_ERROR;
				CLANG_WARN_DOCUMENTATION_COMMENTS = YES;
				CLANG_WARN_EMPTY_BODY = YES;
				CLANG_WARN_ENUM_CONVERSION = YES;
				CLANG_WARN_INFINITE_RECURSION = YES;
				CLANG_WARN_INT_CONVERSION = YES;
				CLANG_WARN_NON_LITERAL_NULL_CONVERSION = YES;
				CLANG_WARN_OBJC_LITERAL_CONVERSION = YES;
				CLANG_WARN_OBJC_ROOT_CLASS = YES_ERROR;
				CLANG_WARN_RANGE_LOOP_ANALYSIS = YES;
				CLANG_WARN_STRICT_PROTOTYPES = YES;
				CLANG_WARN_SUSPICIOUS_MOVE = YES;
				CLANG_WARN_UNGUARDED_AVAILABILITY = YES_AGGRESSIVE;
				CLANG_WARN_UNREACHABLE_CODE = YES;
				CLANG_WARN__DUPLICATE_METHOD_MATCH = YES;
				CODE_SIGN_IDENTITY = "iPhone Developer";
				COPY_PHASE_STRIP = NO;
				DEBUG_INFORMATION_FORMAT = "dwarf-with-dsym";
				ENABLE_NS_ASSERTIONS = NO;
				ENABLE_STRICT_OBJC_MSGSEND = YES;
				GCC_C_LANGUAGE_STANDARD = gnu11;
				GCC_NO_COMMON_BLOCKS = YES;
				GCC_WARN_64_TO_32_BIT_CONVERSION = YES;
				GCC_WARN_ABOUT_RETURN_TYPE = YES_ERROR;
				GCC_WARN_UNDECLARED_SELECTOR = YES;
				GCC_WARN_UNINITIALIZED_AUTOS = YES_AGGRESSIVE;
				GCC_WARN_UNUSED_FUNCTION = YES;
				GCC_WARN_UNUSED_VARIABLE = YES;
				IPHONEOS_DEPLOYMENT_TARGET = 11.2;
				MTL_ENABLE_DEBUG_INFO = NO;
				SDKROOT = iphoneos;
				VALIDATE_PRODUCT = YES;
			};
			name = Release;
		};
		1819E1CE20C7BE5500E4CFDA /* Debug */ = {
			isa = XCBuildConfiguration;
			buildSettings = {
				ASSETCATALOG_COMPILER_APPICON_NAME = AppIcon;
				CODE_SIGN_STYLE = Automatic;
				DEVELOPMENT_TEAM = 88PVJNKSQ8;
				INFOPLIST_FILE = SYLoadingView/Info.plist;
				LD_RUNPATH_SEARCH_PATHS = "$(inherited) @executable_path/Frameworks";
				PRODUCT_BUNDLE_IDENTIFIER = com.EShop.SYLoadingView;
				PRODUCT_NAME = "$(TARGET_NAME)";
				TARGETED_DEVICE_FAMILY = "1,2";
			};
			name = Debug;
		};
		1819E1CF20C7BE5500E4CFDA /* Release */ = {
			isa = XCBuildConfiguration;
			buildSettings = {
				ASSETCATALOG_COMPILER_APPICON_NAME = AppIcon;
				CODE_SIGN_STYLE = Automatic;
				DEVELOPMENT_TEAM = 88PVJNKSQ8;
				INFOPLIST_FILE = SYLoadingView/Info.plist;
				LD_RUNPATH_SEARCH_PATHS = "$(inherited) @executable_path/Frameworks";
				PRODUCT_BUNDLE_IDENTIFIER = com.EShop.SYLoadingView;
				PRODUCT_NAME = "$(TARGET_NAME)";
				TARGETED_DEVICE_FAMILY = "1,2";
			};
			name = Release;
		};
/* End XCBuildConfiguration section */

/* Begin XCConfigurationList section */
		1819E1B220C7BE5500E4CFDA /* Build configuration list for PBXProject "SYLoadingView" */ = {
			isa = XCConfigurationList;
			buildConfigurations = (
				1819E1CB20C7BE5500E4CFDA /* Debug */,
				1819E1CC20C7BE5500E4CFDA /* Release */,
			);
			defaultConfigurationIsVisible = 0;
			defaultConfigurationName = Release;
		};
		1819E1CD20C7BE5500E4CFDA /* Build configuration list for PBXNativeTarget "SYLoadingView" */ = {
			isa = XCConfigurationList;
			buildConfigurations = (
				1819E1CE20C7BE5500E4CFDA /* Debug */,
				1819E1CF20C7BE5500E4CFDA /* Release */,
			);
			defaultConfigurationIsVisible = 0;
			defaultConfigurationName = Release;
		};
/* End XCConfigurationList section */
	};
	rootObject = 1819E1AF20C7BE5500E4CFDA /* Project object */;
}
